<?xml version="1.0" encoding="utf-8"?>
<Project ToolsVersion="4.0" xmlns="http://schemas.microsoft.com/developer/msbuild/2003">
  <ItemGroup>
    <Filter Include="engine">
      <UniqueIdentifier>{6973cb8a-ed19-438b-9f05-cbb0852478f4}</UniqueIdentifier>
    </Filter>
    <Filter Include="math">
      <UniqueIdentifier>{01b71117-50d1-42e3-a9de-c3743fe497f9}</UniqueIdentifier>
    </Filter>
  </ItemGroup>
  <ItemGroup>
    <ClCompile Include="range.cpp" />
    <ClCompile Include="engine\engine.cpp" />
    <ClCompile Include="engine\renderer\renderer.cpp" />
    <ClCompile Include="engine\renderer\camera.cpp" />
    <ClCompile Include="math\mat4D.cpp" />
    <ClCompile Include="math\vec2D.cpp" />
    <ClCompile Include="math\vec3D.cpp" />
    <ClCompile Include="math\mathutils.cpp" />
    <ClCompile Include="engine\renderer\colour.cpp" />
    <ClCompile Include="engine\renderer\lightsource.cpp" />
    <ClCompile Include="engine\renderer\triangle3D.cpp" />
    <ClCompile Include="engine\renderer\mesh.cpp" />
    <ClCompile Include="engine\renderer\presets.cpp" />
    <ClCompile Include="utils\utils.cpp" />
    <ClCompile Include="utils\timer.cpp" />
    <ClCompile Include="math\vectormaths.cpp" />
    <ClCompile Include="engine\renderer\triangle2D.cpp" />
    <ClCompile Include="engine\renderer\frustumculling.cpp" />
    <ClCompile Include="math\plane.cpp" />
  </ItemGroup>
  <ItemGroup>
    <ClInclude Include="engine\engine.h" />
    <ClInclude Include="engine\renderer\renderer.h" />
    <ClInclude Include="engine\renderer\camera.h" />
    <ClInclude Include="math\mat4D.h" />
    <ClInclude Include="math\vec2D.h" />
    <ClInclude Include="math\vec3D.h" />
    <ClInclude Include="math\mathutils.h" />
    <ClInclude Include="engine\renderer\colour.h" />
    <ClInclude Include="engine\renderer\lightsource.h" />
    <ClInclude Include="engine\renderer\triangle3D.h" />
    <ClInclude Include="engine\renderer\mesh.h" />
    <ClInclude Include="engine\renderer\presets.h" />
    <ClInclude Include="utils\utils.h" />
    <ClInclude Include="utils\timer.h" />
    <ClInclude Include="math\vectormaths.h" />
    <ClInclude Include="engine\renderer\triangle2D.h" />
    <ClInclude Include="engine\renderer\frustumculling.h" />
    <ClInclude Include="math\plane.h" />
  </ItemGroup>
</Project>